hash: e1493cdcf4ea8ab389d64c475ab49a358aaba1e8821fa227a7200efca93ed471
updated: 2017-09-07T14:08:13.144185878+07:00
imports:
- name: github.com/go-sql-driver/mysql
  version: 26471af196a17ee75a22e6481b5a5897fb16b081
- name: github.com/gorilla/context
  version: 08b5f424b9271eedf6f9f0ce86cb9396ed337a42
- name: github.com/gorilla/mux
  version: bcd8bc72b08df0f70df986b97f95590779502d31
- name: github.com/jinzhu/gorm
  version: 5174cc5c242a728b435ea2be8a2f7f998e15429b
  subpackages:
  - dialects/mysql
- name: github.com/jinzhu/inflection
  version: 1c35d901db3da928c72a72d8458480cc9ade058f
- name: github.com/unrolled/render
  version: a0ec58421ddf111bd7efd3b7087399ca7d5da2f1
testImports: []
